
Microsoft Visual Studio Solution File, Format Version 12.00
# Visual Studio 15
VisualStudioVersion = 15.0.28307.757
MinimumVisualStudioVersion = 10.0.40219.1
Project("{FAE04EC0-301F-11D3-BF4B-00C04F79EFBC}") = "UsbHid", "..\UsbHid\UsbHid.csproj", "{83BC9702-4192-4654-B359-14CBD71D656E}"
EndProject
Project("{FAE04EC0-301F-11D3-BF4B-00C04F79EFBC}") = "CAN-X", "CAN-X_Interface\CAN-X.csproj", "{46F0E167-EE9D-4E66-A768-DD089CAF37F5}"
EndProject
Global
	GlobalSection(SolutionConfigurationPlatforms) = preSolution
		Debug|Any CPU = Debug|Any CPU
		Release|Any CPU = Release|Any CPU
	EndGlobalSection
	GlobalSection(ProjectConfigurationPlatforms) = postSolution
		{83BC9702-4192-4654-B359-14CBD71D656E}.Debug|Any CPU.ActiveCfg = Debug|Any CPU
		{83BC9702-4192-4654-B359-14CBD71D656E}.Debug|Any CPU.Build.0 = Debug|Any CPU
		{83BC9702-4192-4654-B359-14CBD71D656E}.Release|Any CPU.ActiveCfg = Release|Any CPU
		{83BC9702-4192-4654-B359-14CBD71D656E}.Release|Any CPU.Build.0 = Release|Any CPU
		{46F0E167-EE9D-4E66-A768-DD089CAF37F5}.Debug|Any CPU.ActiveCfg = Debug|Any CPU
		{46F0E167-EE9D-4E66-A768-DD089CAF37F5}.Debug|Any CPU.Build.0 = Debug|Any CPU
		{46F0E167-EE9D-4E66-A768-DD089CAF37F5}.Release|Any CPU.ActiveCfg = Release|Any CPU
		{46F0E167-EE9D-4E66-A768-DD089CAF37F5}.Release|Any CPU.Build.0 = Release|Any CPU
	EndGlobalSection
	GlobalSection(SolutionProperties) = preSolution
		HideSolutionNode = FALSE
	EndGlobalSection
	GlobalSection(ExtensibilityGlobals) = postSolution
		SolutionGuid = {248CB924-08DF-4764-B010-E95D8D60140C}
	EndGlobalSection
EndGlobal
